
Microsoft Visual Studio Solution File, Format Version 12.00
# Visual Studio Version 17
VisualStudioVersion = 17.5.002.0
MinimumVisualStudioVersion = 10.0.40219.1
Project("{9A19103F-16F7-4668-BE54-9A1E7A4F7556}") = "EncryptingManager", "EncryptingManager.csproj", "{40ADAFCF-44B6-4212-8794-FFBE35F7598A}"
EndProject
Global
	GlobalSection(SolutionConfigurationPlatforms) = preSolution
		Debug|Any CPU = Debug|Any CPU
		Release|Any CPU = Release|Any CPU
	EndGlobalSection
	GlobalSection(ProjectConfigurationPlatforms) = postSolution
		{40ADAFCF-44B6-4212-8794-FFBE35F7598A}.Debug|Any CPU.ActiveCfg = Debug|Any CPU
		{40ADAFCF-44B6-4212-8794-FFBE35F7598A}.Debug|Any CPU.Build.0 = Debug|Any CPU
		{40ADAFCF-44B6-4212-8794-FFBE35F7598A}.Release|Any CPU.ActiveCfg = Release|Any CPU
		{40ADAFCF-44B6-4212-8794-FFBE35F7598A}.Release|Any CPU.Build.0 = Release|Any CPU
	EndGlobalSection
	GlobalSection(SolutionProperties) = preSolution
		HideSolutionNode = FALSE
	EndGlobalSection
	GlobalSection(ExtensibilityGlobals) = postSolution
		SolutionGuid = {720324D3-FFFF-46D7-993A-ABBC458723CF}
	EndGlobalSection
EndGlobal
